
Microsoft Visual Studio Solution File, Format Version 12.00
# Visual Studio Version 17
VisualStudioVersion = 17.13.35828.75
MinimumVisualStudioVersion = 10.0.40219.1
Project("{54A90642-561A-4BB1-A94E-469ADEE60C69}") = "TadpoleSite.client", "TadpoleSite.client\TadpoleSite.client.esproj", "{11FDF2D3-0ACA-0F93-0C22-DEAAED3010BB}"
EndProject
Project("{FAE04EC0-301F-11D3-BF4B-00C04F79EFBC}") = "TadpoleSite.Server", "TadpoleSite.Server\TadpoleSite.Server.csproj", "{DFF7E5E0-3616-8CBD-B3DA-33B1BDE2C1E5}"
EndProject
Global
	GlobalSection(SolutionConfigurationPlatforms) = preSolution
		Debug|Any CPU = Debug|Any CPU
		Release|Any CPU = Release|Any CPU
	EndGlobalSection
	GlobalSection(ProjectConfigurationPlatforms) = postSolution
		{11FDF2D3-0ACA-0F93-0C22-DEAAED3010BB}.Debug|Any CPU.ActiveCfg = Debug|Any CPU
		{11FDF2D3-0ACA-0F93-0C22-DEAAED3010BB}.Debug|Any CPU.Build.0 = Debug|Any CPU
		{11FDF2D3-0ACA-0F93-0C22-DEAAED3010BB}.Debug|Any CPU.Deploy.0 = Debug|Any CPU
		{11FDF2D3-0ACA-0F93-0C22-DEAAED3010BB}.Release|Any CPU.ActiveCfg = Release|Any CPU
		{11FDF2D3-0ACA-0F93-0C22-DEAAED3010BB}.Release|Any CPU.Build.0 = Release|Any CPU
		{11FDF2D3-0ACA-0F93-0C22-DEAAED3010BB}.Release|Any CPU.Deploy.0 = Release|Any CPU
		{DFF7E5E0-3616-8CBD-B3DA-33B1BDE2C1E5}.Debug|Any CPU.ActiveCfg = Debug|Any CPU
		{DFF7E5E0-3616-8CBD-B3DA-33B1BDE2C1E5}.Debug|Any CPU.Build.0 = Debug|Any CPU
		{DFF7E5E0-3616-8CBD-B3DA-33B1BDE2C1E5}.Release|Any CPU.ActiveCfg = Release|Any CPU
		{DFF7E5E0-3616-8CBD-B3DA-33B1BDE2C1E5}.Release|Any CPU.Build.0 = Release|Any CPU
	EndGlobalSection
	GlobalSection(SolutionProperties) = preSolution
		HideSolutionNode = FALSE
	EndGlobalSection
	GlobalSection(ExtensibilityGlobals) = postSolution
		SolutionGuid = {8DAF5773-2E86-4E9B-B288-9CD248FBA748}
	EndGlobalSection
EndGlobal
